// !$*UTF8*$!
{
	archiveVersion = 1;
	classes = {
	};
	objectVersion = 48;
	objects = {

/* Begin PBXBuildFile section */
		F40151461FA4DDEE005CF8B9 /* AppDelegate.swift in Sources */ = {isa = PBXBuildFile; fileRef = F40151451FA4DDEE005CF8B9 /* AppDelegate.swift */; };
		F40151481FA4DDEE005CF8B9 /* ViewController.swift in Sources */ = {isa = PBXBuildFile; fileRef = F40151471FA4DDEE005CF8B9 /* ViewController.swift */; };
		F401514B1FA4DDEE005CF8B9 /* Main.storyboard in Resources */ = {isa = PBXBuildFile; fileRef = F40151491FA4DDEE005CF8B9 /* Main.storyboard */; };
		F401514D1FA4DDEE005CF8B9 /* Assets.xcassets in Resources */ = {isa = PBXBuildFile; fileRef = F401514C1FA4DDEE005CF8B9 /* Assets.xcassets */; };
		F40151501FA4DDEE005CF8B9 /* LaunchScreen.storyboard in Resources */ = {isa = PBXBuildFile; fileRef = F401514E1FA4DDEE005CF8B9 /* LaunchScreen.storyboard */; };
		F401515B1FA4DDEE005CF8B9 /* FizzBuzzTests.swift in Sources */ = {isa = PBXBuildFile; fileRef = F401515A1FA4DDEE005CF8B9 /* FizzBuzzTests.swift */; };
		F40151661FA4DDEE005CF8B9 /* FizzBuzzUITests.swift in Sources */ = {isa = PBXBuildFile; fileRef = F40151651FA4DDEE005CF8B9 /* FizzBuzzUITests.swift */; };
/* End PBXBuildFile section */

/* Begin PBXContainerItemProxy section */
		F40151571FA4DDEE005CF8B9 /* PBXContainerItemProxy */ = {
			isa = PBXContainerItemProxy;
			containerPortal = F401513A1FA4DDEE005CF8B9 /* Project object */;
			proxyType = 1;
			remoteGlobalIDString = F40151411FA4DDEE005CF8B9;
			remoteInfo = FizzBuzz;
		};
		F40151621FA4DDEE005CF8B9 /* PBXContainerItemProxy */ = {
			isa = PBXContainerItemProxy;
			containerPortal = F401513A1FA4DDEE005CF8B9 /* Project object */;
			proxyType = 1;
			remoteGlobalIDString = F40151411FA4DDEE005CF8B9;
			remoteInfo = FizzBuzz;
		};
/* End PBXContainerItemProxy section */

/* Begin PBXFileReference section */
		F40151421FA4DDEE005CF8B9 /* FizzBuzz.app */ = {isa = PBXFileReference; explicitFileType = wrapper.application; includeInIndex = 0; path = FizzBuzz.app; sourceTree = BUILT_PRODUCTS_DIR; };
		F40151451FA4DDEE005CF8B9 /* AppDelegate.swift */ = {isa = PBXFileReference; lastKnownFileType = sourcecode.swift; path = AppDelegate.swift; sourceTree = "<group>"; };
		F40151471FA4DDEE005CF8B9 /* ViewController.swift */ = {isa = PBXFileReference; lastKnownFileType = sourcecode.swift; path = ViewController.swift; sourceTree = "<group>"; };
		F401514A1FA4DDEE005CF8B9 /* Base */ = {isa = PBXFileReference; lastKnownFileType = file.storyboard; name = Base; path = Base.lproj/Main.storyboard; sourceTree = "<group>"; };
		F401514C1FA4DDEE005CF8B9 /* Assets.xcassets */ = {isa = PBXFileReference; lastKnownFileType = folder.assetcatalog; path = Assets.xcassets; sourceTree = "<group>"; };
		F401514F1FA4DDEE005CF8B9 /* Base */ = {isa = PBXFileReference; lastKnownFileType = file.storyboard; name = Base; path = Base.lproj/LaunchScreen.storyboard; sourceTree = "<group>"; };
		F40151511FA4DDEE005CF8B9 /* Info.plist */ = {isa = PBXFileReference; lastKnownFileType = text.plist.xml; path = Info.plist; sourceTree = "<group>"; };
		F40151561FA4DDEE005CF8B9 /* FizzBuzzTests.xctest */ = {isa = PBXFileReference; explicitFileType = wrapper.cfbundle; includeInIndex = 0; path = FizzBuzzTests.xctest; sourceTree = BUILT_PRODUCTS_DIR; };
		F401515A1FA4DDEE005CF8B9 /* FizzBuzzTests.swift */ = {isa = PBXFileReference; lastKnownFileType = sourcecode.swift; path = FizzBuzzTests.swift; sourceTree = "<group>"; };
		F401515C1FA4DDEE005CF8B9 /* Info.plist */ = {isa = PBXFileReference; lastKnownFileType = text.plist.xml; path = Info.plist; sourceTree = "<group>"; };
		F40151611FA4DDEE005CF8B9 /* FizzBuzzUITests.xctest */ = {isa = PBXFileReference; explicitFileType = wrapper.cfbundle; includeInIndex = 0; path = FizzBuzzUITests.xctest; sourceTree = BUILT_PRODUCTS_DIR; };
		F40151651FA4DDEE005CF8B9 /* FizzBuzzUITests.swift */ = {isa = PBXFileReference; lastKnownFileType = sourcecode.swift; path = FizzBuzzUITests.swift; sourceTree = "<group>"; };
		F40151671FA4DDEE005CF8B9 /* Info.plist */ = {isa = PBXFileReference; lastKnownFileType = text.plist.xml; path = Info.plist; sourceTree = "<group>"; };
/* End PBXFileReference section */

/* Begin PBXFrameworksBuildPhase section */
		F401513F1FA4DDEE005CF8B9 /* Frameworks */ = {
			isa = PBXFrameworksBuildPhase;
			buildActionMask = 2147483647;
			files = (
			);
			runOnlyForDeploymentPostprocessing = 0;
		};
		F40151531FA4DDEE005CF8B9 /* Frameworks */ = {
			isa = PBXFrameworksBuildPhase;
			buildActionMask = 2147483647;
			files = (
			);
			runOnlyForDeploymentPostprocessing = 0;
		};
		F401515E1FA4DDEE005CF8B9 /* Frameworks */ = {
			isa = PBXFrameworksBuildPhase;
			buildActionMask = 2147483647;
			files = (
			);
			runOnlyForDeploymentPostprocessing = 0;
		};
/* End PBXFrameworksBuildPhase section */

/* Begin PBXGroup section */
		F40151391FA4DDEE005CF8B9 = {
			isa = PBXGroup;
			children = (
				F40151441FA4DDEE005CF8B9 /* FizzBuzz */,
				F40151591FA4DDEE005CF8B9 /* FizzBuzzTests */,
				F40151641FA4DDEE005CF8B9 /* FizzBuzzUITests */,
				F40151431FA4DDEE005CF8B9 /* Products */,
			);
			sourceTree = "<group>";
		};
		F40151431FA4DDEE005CF8B9 /* Products */ = {
			isa = PBXGroup;
			children = (
				F40151421FA4DDEE005CF8B9 /* FizzBuzz.app */,
				F40151561FA4DDEE005CF8B9 /* FizzBuzzTests.xctest */,
				F40151611FA4DDEE005CF8B9 /* FizzBuzzUITests.xctest */,
			);
			name = Products;
			sourceTree = "<group>";
		};
		F40151441FA4DDEE005CF8B9 /* FizzBuzz */ = {
			isa = PBXGroup;
			children = (
				F40151451FA4DDEE005CF8B9 /* AppDelegate.swift */,
				F40151471FA4DDEE005CF8B9 /* ViewController.swift */,
				F40151491FA4DDEE005CF8B9 /* Main.storyboard */,
				F401514C1FA4DDEE005CF8B9 /* Assets.xcassets */,
				F401514E1FA4DDEE005CF8B9 /* LaunchScreen.storyboard */,
				F40151511FA4DDEE005CF8B9 /* Info.plist */,
			);
			path = FizzBuzz;
			sourceTree = "<group>";
		};
		F40151591FA4DDEE005CF8B9 /* FizzBuzzTests */ = {
			isa = PBXGroup;
			children = (
				F401515A1FA4DDEE005CF8B9 /* FizzBuzzTests.swift */,
				F401515C1FA4DDEE005CF8B9 /* Info.plist */,
			);
			path = FizzBuzzTests;
			sourceTree = "<group>";
		};
		F40151641FA4DDEE005CF8B9 /* FizzBuzzUITests */ = {
			isa = PBXGroup;
			children = (
				F40151651FA4DDEE005CF8B9 /* FizzBuzzUITests.swift */,
				F40151671FA4DDEE005CF8B9 /* Info.plist */,
			);
			path = FizzBuzzUITests;
			sourceTree = "<group>";
		};
/* End PBXGroup section */

/* Begin PBXNativeTarget section */
		F40151411FA4DDEE005CF8B9 /* FizzBuzz */ = {
			isa = PBXNativeTarget;
			buildConfigurationList = F401516A1FA4DDEE005CF8B9 /* Build configuration list for PBXNativeTarget "FizzBuzz" */;
			buildPhases = (
				F401513E1FA4DDEE005CF8B9 /* Sources */,
				F401513F1FA4DDEE005CF8B9 /* Frameworks */,
				F40151401FA4DDEE005CF8B9 /* Resources */,
			);
			buildRules = (
			);
			dependencies = (
			);
			name = FizzBuzz;
			productName = FizzBuzz;
			productReference = F40151421FA4DDEE005CF8B9 /* FizzBuzz.app */;
			productType = "com.apple.product-type.application";
		};
		F40151551FA4DDEE005CF8B9 /* FizzBuzzTests */ = {
			isa = PBXNativeTarget;
			buildConfigurationList = F401516D1FA4DDEE005CF8B9 /* Build configuration list for PBXNativeTarget "FizzBuzzTests" */;
			buildPhases = (
				F40151521FA4DDEE005CF8B9 /* Sources */,
				F40151531FA4DDEE005CF8B9 /* Frameworks */,
				F40151541FA4DDEE005CF8B9 /* Resources */,
			);
			buildRules = (
			);
			dependencies = (
				F40151581FA4DDEE005CF8B9 /* PBXTargetDependency */,
			);
			name = FizzBuzzTests;
			productName = FizzBuzzTests;
			productReference = F40151561FA4DDEE005CF8B9 /* FizzBuzzTests.xctest */;
			productType = "com.apple.product-type.bundle.unit-test";
		};
		F40151601FA4DDEE005CF8B9 /* FizzBuzzUITests */ = {
			isa = PBXNativeTarget;
			buildConfigurationList = F40151701FA4DDEE005CF8B9 /* Build configuration list for PBXNativeTarget "FizzBuzzUITests" */;
			buildPhases = (
				F401515D1FA4DDEE005CF8B9 /* Sources */,
				F401515E1FA4DDEE005CF8B9 /* Frameworks */,
				F401515F1FA4DDEE005CF8B9 /* Resources */,
			);
			buildRules = (
			);
			dependencies = (
				F40151631FA4DDEE005CF8B9 /* PBXTargetDependency */,
			);
			name = FizzBuzzUITests;
			productName = FizzBuzzUITests;
			productReference = F40151611FA4DDEE005CF8B9 /* FizzBuzzUITests.xctest */;
			productType = "com.apple.product-type.bundle.ui-testing";
		};
/* End PBXNativeTarget section */

/* Begin PBXProject section */
		F401513A1FA4DDEE005CF8B9 /* Project object */ = {
			isa = PBXProject;
			attributes = {
				LastSwiftUpdateCheck = 0900;
				LastUpgradeCheck = 0900;
				ORGANIZATIONNAME = Home;
				TargetAttributes = {
					F40151411FA4DDEE005CF8B9 = {
						CreatedOnToolsVersion = 9.0.1;
						ProvisioningStyle = Automatic;
					};
					F40151551FA4DDEE005CF8B9 = {
						CreatedOnToolsVersion = 9.0.1;
						ProvisioningStyle = Automatic;
						TestTargetID = F40151411FA4DDEE005CF8B9;
					};
					F40151601FA4DDEE005CF8B9 = {
						CreatedOnToolsVersion = 9.0.1;
						ProvisioningStyle = Automatic;
						TestTargetID = F40151411FA4DDEE005CF8B9;
					};
				};
			};
			buildConfigurationList = F401513D1FA4DDEE005CF8B9 /* Build configuration list for PBXProject "FizzBuzz" */;
			compatibilityVersion = "Xcode 8.0";
			developmentRegion = en;
			hasScannedForEncodings = 0;
			knownRegions = (
				en,
				Base,
			);
			mainGroup = F40151391FA4DDEE005CF8B9;
			productRefGroup = F40151431FA4DDEE005CF8B9 /* Products */;
			projectDirPath = "";
			projectRoot = "";
			targets = (
				F40151411FA4DDEE005CF8B9 /* FizzBuzz */,
				F40151551FA4DDEE005CF8B9 /* FizzBuzzTests */,
				F40151601FA4DDEE005CF8B9 /* FizzBuzzUITests */,
			);
		};
/* End PBXProject section */

/* Begin PBXResourcesBuildPhase section */
		F40151401FA4DDEE005CF8B9 /* Resources */ = {
			isa = PBXResourcesBuildPhase;
			buildActionMask = 2147483647;
			files = (
				F40151501FA4DDEE005CF8B9 /* LaunchScreen.storyboard in Resources */,
				F401514D1FA4DDEE005CF8B9 /* Assets.xcassets in Resources */,
				F401514B1FA4DDEE005CF8B9 /* Main.storyboard in Resources */,
			);
			runOnlyForDeploymentPostprocessing = 0;
		};
		F40151541FA4DDEE005CF8B9 /* Resources */ = {
			isa = PBXResourcesBuildPhase;
			buildActionMask = 2147483647;
			files = (
			);
			runOnlyForDeploymentPostprocessing = 0;
		};
		F401515F1FA4DDEE005CF8B9 /* Resources */ = {
			isa = PBXResourcesBuildPhase;
			buildActionMask = 2147483647;
			files = (
			);
			runOnlyForDeploymentPostprocessing = 0;
		};
/* End PBXResourcesBuildPhase section */

/* Begin PBXSourcesBuildPhase section */
		F401513E1FA4DDEE005CF8B9 /* Sources */ = {
			isa = PBXSourcesBuildPhase;
			buildActionMask = 2147483647;
			files = (
				F40151481FA4DDEE005CF8B9 /* ViewController.swift in Sources */,
				F40151461FA4DDEE005CF8B9 /* AppDelegate.swift in Sources */,
			);
			runOnlyForDeploymentPostprocessing = 0;
		};
		F40151521FA4DDEE005CF8B9 /* Sources */ = {
			isa = PBXSourcesBuildPhase;
			buildActionMask = 2147483647;
			files = (
				F401515B1FA4DDEE005CF8B9 /* FizzBuzzTests.swift in Sources */,
			);
			runOnlyForDeploymentPostprocessing = 0;
		};
		F401515D1FA4DDEE005CF8B9 /* Sources */ = {
			isa = PBXSourcesBuildPhase;
			buildActionMask = 2147483647;
			files = (
				F40151661FA4DDEE005CF8B9 /* FizzBuzzUITests.swift in Sources */,
			);
			runOnlyForDeploymentPostprocessing = 0;
		};
/* End PBXSourcesBuildPhase section */

/* Begin PBXTargetDependency section */
		F40151581FA4DDEE005CF8B9 /* PBXTargetDependency */ = {
			isa = PBXTargetDependency;
			target = F40151411FA4DDEE005CF8B9 /* FizzBuzz */;
			targetProxy = F40151571FA4DDEE005CF8B9 /* PBXContainerItemProxy */;
		};
		F40151631FA4DDEE005CF8B9 /* PBXTargetDependency */ = {
			isa = PBXTargetDependency;
			target = F40151411FA4DDEE005CF8B9 /* FizzBuzz */;
			targetProxy = F40151621FA4DDEE005CF8B9 /* PBXContainerItemProxy */;
		};
/* End PBXTargetDependency section */

/* Begin PBXVariantGroup section */
		F40151491FA4DDEE005CF8B9 /* Main.storyboard */ = {
			isa = PBXVariantGroup;
			children = (
				F401514A1FA4DDEE005CF8B9 /* Base */,
			);
			name = Main.storyboard;
			sourceTree = "<group>";
		};
		F401514E1FA4DDEE005CF8B9 /* LaunchScreen.storyboard */ = {
			isa = PBXVariantGroup;
			children = (
				F401514F1FA4DDEE005CF8B9 /* Base */,
			);
			name = LaunchScreen.storyboard;
			sourceTree = "<group>";
		};
/* End PBXVariantGroup section */

/* Begin XCBuildConfiguration section */
		F40151681FA4DDEE005CF8B9 /* Debug */ = {
			isa = XCBuildConfiguration;
			buildSettings = {
				ALWAYS_SEARCH_USER_PATHS = NO;
				CLANG_ANALYZER_NONNULL = YES;
				CLANG_ANALYZER_NUMBER_OBJECT_CONVERSION = YES_AGGRESSIVE;
				CLANG_CXX_LANGUAGE_STANDARD = "gnu++14";
				CLANG_CXX_LIBRARY = "libc++";
				CLANG_ENABLE_MODULES = YES;
				CLANG_ENABLE_OBJC_ARC = YES;
				CLANG_WARN_BLOCK_CAPTURE_AUTORELEASING = YES;
				CLANG_WARN_BOOL_CONVERSION = YES;
				CLANG_WARN_COMMA = YES;
				CLANG_WARN_CONSTANT_CONVERSION = YES;
				CLANG_WARN_DIRECT_OBJC_ISA_USAGE = YES_ERROR;
				CLANG_WARN_DOCUMENTATION_COMMENTS = YES;
				CLANG_WARN_EMPTY_BODY = YES;
				CLANG_WARN_ENUM_CONVERSION = YES;
				CLANG_WARN_INFINITE_RECURSION = YES;
				CLANG_WARN_INT_CONVERSION = YES;
				CLANG_WARN_NON_LITERAL_NULL_CONVERSION = YES;
				CLANG_WARN_OBJC_LITERAL_CONVERSION = YES;
				CLANG_WARN_OBJC_ROOT_CLASS = YES_ERROR;
				CLANG_WARN_RANGE_LOOP_ANALYSIS = YES;
				CLANG_WARN_STRICT_PROTOTYPES = YES;
				CLANG_WARN_SUSPICIOUS_MOVE = YES;
				CLANG_WARN_UNGUARDED_AVAILABILITY = YES_AGGRESSIVE;
				CLANG_WARN_UNREACHABLE_CODE = YES;
				CLANG_WARN__DUPLICATE_METHOD_MATCH = YES;
				CODE_SIGN_IDENTITY = "iPhone Developer";
				COPY_PHASE_STRIP = NO;
				DEBUG_INFORMATION_FORMAT = dwarf;
				ENABLE_STRICT_OBJC_MSGSEND = YES;
				ENABLE_TESTABILITY = YES;
				GCC_C_LANGUAGE_STANDARD = gnu11;
				GCC_DYNAMIC_NO_PIC = NO;
				GCC_NO_COMMON_BLOCKS = YES;
				GCC_OPTIMIZATION_LEVEL = 0;
				GCC_PREPROCESSOR_DEFINITIONS = (
					"DEBUG=1",
					"$(inherited)",
				);
				GCC_WARN_64_TO_32_BIT_CONVERSION = YES;
				GCC_WARN_ABOUT_RETURN_TYPE = YES_ERROR;
				GCC_WARN_UNDECLARED_SELECTOR = YES;
				GCC_WARN_UNINITIALIZED_AUTOS = YES_AGGRESSIVE;
				GCC_WARN_UNUSED_FUNCTION = YES;
				GCC_WARN_UNUSED_VARIABLE = YES;
				IPHONEOS_DEPLOYMENT_TARGET = 11.0;
				MTL_ENABLE_DEBUG_INFO = YES;
				ONLY_ACTIVE_ARCH = YES;
				SDKROOT = iphoneos;
				SWIFT_ACTIVE_COMPILATION_CONDITIONS = DEBUG;
				SWIFT_OPTIMIZATION_LEVEL = "-Onone";
			};
			name = Debug;
		};
		F40151691FA4DDEE005CF8B9 /* Release */ = {
			isa = XCBuildConfiguration;
			buildSettings = {
				ALWAYS_SEARCH_USER_PATHS = NO;
				CLANG_ANALYZER_NONNULL = YES;
				CLANG_ANALYZER_NUMBER_OBJECT_CONVERSION = YES_AGGRESSIVE;
				CLANG_CXX_LANGUAGE_STANDARD = "gnu++14";
				CLANG_CXX_LIBRARY = "libc++";
				CLANG_ENABLE_MODULES = YES;
				CLANG_ENABLE_OBJC_ARC = YES;
				CLANG_WARN_BLOCK_CAPTURE_AUTORELEASING = YES;
				CLANG_WARN_BOOL_CONVERSION = YES;
				CLANG_WARN_COMMA = YES;
				CLANG_WARN_CONSTANT_CONVERSION = YES;
				CLANG_WARN_DIRECT_OBJC_ISA_USAGE = YES_ERROR;
				CLANG_WARN_DOCUMENTATION_COMMENTS = YES;
				CLANG_WARN_EMPTY_BODY = YES;
				CLANG_WARN_ENUM_CONVERSION = YES;
				CLANG_WARN_INFINITE_RECURSION = YES;
				CLANG_WARN_INT_CONVERSION = YES;
				CLANG_WARN_NON_LITERAL_NULL_CONVERSION = YES;
				CLANG_WARN_OBJC_LITERAL_CONVERSION = YES;
				CLANG_WARN_OBJC_ROOT_CLASS = YES_ERROR;
				CLANG_WARN_RANGE_LOOP_ANALYSIS = YES;
				CLANG_WARN_STRICT_PROTOTYPES = YES;
				CLANG_WARN_SUSPICIOUS_MOVE = YES;
				CLANG_WARN_UNGUARDED_AVAILABILITY = YES_AGGRESSIVE;
				CLANG_WARN_UNREACHABLE_CODE = YES;
				CLANG_WARN__DUPLICATE_METHOD_MATCH = YES;
				CODE_SIGN_IDENTITY = "iPhone Developer";
				COPY_PHASE_STRIP = NO;
				DEBUG_INFORMATION_FORMAT = "dwarf-with-dsym";
				ENABLE_NS_ASSERTIONS = NO;
				ENABLE_STRICT_OBJC_MSGSEND = YES;
				GCC_C_LANGUAGE_STANDARD = gnu11;
				GCC_NO_COMMON_BLOCKS = YES;
				GCC_WARN_64_TO_32_BIT_CONVERSION = YES;
				GCC_WARN_ABOUT_RETURN_TYPE = YES_ERROR;
				GCC_WARN_UNDECLARED_SELECTOR = YES;
				GCC_WARN_UNINITIALIZED_AUTOS = YES_AGGRESSIVE;
				GCC_WARN_UNUSED_FUNCTION = YES;
				GCC_WARN_UNUSED_VARIABLE = YES;
				IPHONEOS_DEPLOYMENT_TARGET = 11.0;
				MTL_ENABLE_DEBUG_INFO = NO;
				SDKROOT = iphoneos;
				SWIFT_OPTIMIZATION_LEVEL = "-Owholemodule";
				VALIDATE_PRODUCT = YES;
			};
			name = Release;
		};
		F401516B1FA4DDEE005CF8B9 /* Debug */ = {
			isa = XCBuildConfiguration;
			buildSettings = {
				ASSETCATALOG_COMPILER_APPICON_NAME = AppIcon;
				CODE_SIGN_STYLE = Automatic;
				INFOPLIST_FILE = FizzBuzz/Info.plist;
				LD_RUNPATH_SEARCH_PATHS = "$(inherited) @executable_path/Frameworks";
				PRODUCT_BUNDLE_IDENTIFIER = com.dntuanvu.FizzBuzz;
				PRODUCT_NAME = "$(TARGET_NAME)";
				SWIFT_VERSION = 4.0;
				TARGETED_DEVICE_FAMILY = "1,2";
			};
			name = Debug;
		};
		F401516C1FA4DDEE005CF8B9 /* Release */ = {
			isa = XCBuildConfiguration;
			buildSettings = {
				ASSETCATALOG_COMPILER_APPICON_NAME = AppIcon;
				CODE_SIGN_STYLE = Automatic;
				INFOPLIST_FILE = FizzBuzz/Info.plist;
				LD_RUNPATH_SEARCH_PATHS = "$(inherited) @executable_path/Frameworks";
				PRODUCT_BUNDLE_IDENTIFIER = com.dntuanvu.FizzBuzz;
				PRODUCT_NAME = "$(TARGET_NAME)";
				SWIFT_VERSION = 4.0;
				TARGETED_DEVICE_FAMILY = "1,2";
			};
			name = Release;
		};
		F401516E1FA4DDEE005CF8B9 /* Debug */ = {
			isa = XCBuildConfiguration;
			buildSettings = {
				ALWAYS_EMBED_SWIFT_STANDARD_LIBRARIES = YES;
				BUNDLE_LOADER = "$(TEST_HOST)";
				CODE_SIGN_STYLE = Automatic;
				INFOPLIST_FILE = FizzBuzzTests/Info.plist;
				LD_RUNPATH_SEARCH_PATHS = "$(inherited) @executable_path/Frameworks @loader_path/Frameworks";
				PRODUCT_BUNDLE_IDENTIFIER = com.dntuanvu.FizzBuzzTests;
				PRODUCT_NAME = "$(TARGET_NAME)";
				SWIFT_VERSION = 4.0;
				TARGETED_DEVICE_FAMILY = "1,2";
				TEST_HOST = "$(BUILT_PRODUCTS_DIR)/FizzBuzz.app/FizzBuzz";
			};
			name = Debug;
		};
		F401516F1FA4DDEE005CF8B9 /* Release */ = {
			isa = XCBuildConfiguration;
			buildSettings = {
				ALWAYS_EMBED_SWIFT_STANDARD_LIBRARIES = YES;
				BUNDLE_LOADER = "$(TEST_HOST)";
				CODE_SIGN_STYLE = Automatic;
				INFOPLIST_FILE = FizzBuzzTests/Info.plist;
				LD_RUNPATH_SEARCH_PATHS = "$(inherited) @executable_path/Frameworks @loader_path/Frameworks";
				PRODUCT_BUNDLE_IDENTIFIER = com.dntuanvu.FizzBuzzTests;
				PRODUCT_NAME = "$(TARGET_NAME)";
				SWIFT_VERSION = 4.0;
				TARGETED_DEVICE_FAMILY = "1,2";
				TEST_HOST = "$(BUILT_PRODUCTS_DIR)/FizzBuzz.app/FizzBuzz";
			};
			name = Release;
		};
		F40151711FA4DDEE005CF8B9 /* Debug */ = {
			isa = XCBuildConfiguration;
			buildSettings = {
				ALWAYS_EMBED_SWIFT_STANDARD_LIBRARIES = YES;
				CODE_SIGN_STYLE = Automatic;
				INFOPLIST_FILE = FizzBuzzUITests/Info.plist;
				LD_RUNPATH_SEARCH_PATHS = "$(inherited) @executable_path/Frameworks @loader_path/Frameworks";
				PRODUCT_BUNDLE_IDENTIFIER = com.dntuanvu.FizzBuzzUITests;
				PRODUCT_NAME = "$(TARGET_NAME)";
				SWIFT_VERSION = 4.0;
				TARGETED_DEVICE_FAMILY = "1,2";
				TEST_TARGET_NAME = FizzBuzz;
			};
			name = Debug;
		};
		F40151721FA4DDEE005CF8B9 /* Release */ = {
			isa = XCBuildConfiguration;
			buildSettings = {
				ALWAYS_EMBED_SWIFT_STANDARD_LIBRARIES = YES;
				CODE_SIGN_STYLE = Automatic;
				INFOPLIST_FILE = FizzBuzzUITests/Info.plist;
				LD_RUNPATH_SEARCH_PATHS = "$(inherited) @executable_path/Frameworks @loader_path/Frameworks";
				PRODUCT_BUNDLE_IDENTIFIER = com.dntuanvu.FizzBuzzUITests;
				PRODUCT_NAME = "$(TARGET_NAME)";
				SWIFT_VERSION = 4.0;
				TARGETED_DEVICE_FAMILY = "1,2";
				TEST_TARGET_NAME = FizzBuzz;
			};
			name = Release;
		};
/* End XCBuildConfiguration section */

/* Begin XCConfigurationList section */
		F401513D1FA4DDEE005CF8B9 /* Build configuration list for PBXProject "FizzBuzz" */ = {
			isa = XCConfigurationList;
			buildConfigurations = (
				F40151681FA4DDEE005CF8B9 /* Debug */,
				F40151691FA4DDEE005CF8B9 /* Release */,
			);
			defaultConfigurationIsVisible = 0;
			defaultConfigurationName = Release;
		};
		F401516A1FA4DDEE005CF8B9 /* Build configuration list for PBXNativeTarget "FizzBuzz" */ = {
			isa = XCConfigurationList;
			buildConfigurations = (
				F401516B1FA4DDEE005CF8B9 /* Debug */,
				F401516C1FA4DDEE005CF8B9 /* Release */,
			);
			defaultConfigurationIsVisible = 0;
			defaultConfigurationName = Release;
		};
		F401516D1FA4DDEE005CF8B9 /* Build configuration list for PBXNativeTarget "FizzBuzzTests" */ = {
			isa = XCConfigurationList;
			buildConfigurations = (
				F401516E1FA4DDEE005CF8B9 /* Debug */,
				F401516F1FA4DDEE005CF8B9 /* Release */,
			);
			defaultConfigurationIsVisible = 0;
			defaultConfigurationName = Release;
		};
		F40151701FA4DDEE005CF8B9 /* Build configuration list for PBXNativeTarget "FizzBuzzUITests" */ = {
			isa = XCConfigurationList;
			buildConfigurations = (
				F40151711FA4DDEE005CF8B9 /* Debug */,
				F40151721FA4DDEE005CF8B9 /* Release */,
			);
			defaultConfigurationIsVisible = 0;
			defaultConfigurationName = Release;
		};
/* End XCConfigurationList section */
	};
	rootObject = F401513A1FA4DDEE005CF8B9 /* Project object */;
}
